
Microsoft Visual Studio Solution File, Format Version 12.00
# Visual Studio 14
VisualStudioVersion = 14.0.24720.0
MinimumVisualStudioVersion = 10.0.40219.1
Project("{FAE04EC0-301F-11D3-BF4B-00C04F79EFBC}") = "Nibo.OfxReader", "Nibo.OfxReader\Nibo.OfxReader.csproj", "{47ADAD56-8C55-49A3-8A45-A0556ECF479E}"
EndProject
Project("{2150E333-8FDC-42A3-9474-1A3956D46DE8}") = "Tests", "Tests", "{5A273638-9C39-4A90-9D09-9434BC320487}"
EndProject
Project("{FAE04EC0-301F-11D3-BF4B-00C04F79EFBC}") = "Nibo.OfxReader.Tests", "Nibo.OfxReader.Tests\Nibo.OfxReader.Tests.csproj", "{092D0EC5-62CA-4187-9C18-C14E5064F333}"
EndProject
Global
	GlobalSection(SolutionConfigurationPlatforms) = preSolution
		Debug|Any CPU = Debug|Any CPU
		Release|Any CPU = Release|Any CPU
	EndGlobalSection
	GlobalSection(ProjectConfigurationPlatforms) = postSolution
		{47ADAD56-8C55-49A3-8A45-A0556ECF479E}.Debug|Any CPU.ActiveCfg = Debug|Any CPU
		{47ADAD56-8C55-49A3-8A45-A0556ECF479E}.Debug|Any CPU.Build.0 = Debug|Any CPU
		{47ADAD56-8C55-49A3-8A45-A0556ECF479E}.Release|Any CPU.ActiveCfg = Release|Any CPU
		{47ADAD56-8C55-49A3-8A45-A0556ECF479E}.Release|Any CPU.Build.0 = Release|Any CPU
		{092D0EC5-62CA-4187-9C18-C14E5064F333}.Debug|Any CPU.ActiveCfg = Debug|Any CPU
		{092D0EC5-62CA-4187-9C18-C14E5064F333}.Debug|Any CPU.Build.0 = Debug|Any CPU
		{092D0EC5-62CA-4187-9C18-C14E5064F333}.Release|Any CPU.ActiveCfg = Release|Any CPU
		{092D0EC5-62CA-4187-9C18-C14E5064F333}.Release|Any CPU.Build.0 = Release|Any CPU
	EndGlobalSection
	GlobalSection(SolutionProperties) = preSolution
		HideSolutionNode = FALSE
	EndGlobalSection
	GlobalSection(NestedProjects) = preSolution
		{092D0EC5-62CA-4187-9C18-C14E5064F333} = {5A273638-9C39-4A90-9D09-9434BC320487}
	EndGlobalSection
EndGlobal
